{
  "version": "4",
  "specifiers": {
    "jsr:@std/dotenv@~0.225.2": "0.225.3"
  },
  "jsr": {
    "@std/dotenv@0.225.3": {
      "integrity": "a95e5b812c27b0854c52acbae215856d9cce9d4bbf774d938c51d212711e8d4a"
    }
  },
  "remote": {
    "https://cdn.skypack.dev/-/lodash-es@v4.17.21-rDGl8YjBUjcrrAbjNrmo/dist=es2019,mode=imports/optimized/lodash-es.js": "4a1b35d34b5e0d3ae68aa46ddaabb9700ccecb75b830974db7c46a271f10daa8",
    "https://cdn.skypack.dev/lodash-es?dts": "7dc1d11c01e46bf442774791267f7ca93f6cc204451ac648f2560b0cd6c91524"
  },
  "workspace": {
    "dependencies": [
      "jsr:@std/dotenv@~0.225.2"
    ]
  }
}
